{
  "name": "streaming-bandwidth-calculator",
  "version": "0.0.8",
  "lockfileVersion": 3,
  "requires": true,
  "packages": {
    "": {
      "name": "streaming-bandwidth-calculator",
      "version": "0.0.8",
      "license": "ISC",
      "dependencies": {
        "bytes-and-bits-converter": "^0.1.6"
      }
    },
    "node_modules/bytes-and-bits-converter": {
      "version": "0.1.6",
      "resolved": "https://registry.npmjs.org/bytes-and-bits-converter/-/bytes-and-bits-converter-0.1.6.tgz",
      "integrity": "sha512-nCJvEAV3FFTBRfUKyNZMvAiWaANwkE8hi3U24r+cswE6OUWwvFNCDSLtW8WeNEYXbsQnJlDO//PQCVWYl3I00Q=="
    }
  }
}
