{
  "name": "streaming-bandwidth-calculator",
  "version": "0.0.6",
  "lockfileVersion": 3,
  "requires": true,
  "packages": {
    "": {
      "name": "streaming-bandwidth-calculator",
      "version": "0.0.6",
      "license": "ISC",
      "dependencies": {
        "bytes-and-bits-converter": "^0.1.5"
      }
    },
    "node_modules/bytes-and-bits-converter": {
      "version": "0.1.5",
      "resolved": "https://registry.npmjs.org/bytes-and-bits-converter/-/bytes-and-bits-converter-0.1.5.tgz",
      "integrity": "sha512-E/hYcH99Zs9UrwXXsZeB7p7IhEjDyOLwPd3APx8iPb0V3uiS4IJ1VpHuL+gpubEmRyXBbEou64DV1CtkRFwk6w=="
    }
  }
}
